
Microsoft Visual Studio Solution File, Format Version 12.00
# Visual Studio Version 16
VisualStudioVersion = 16.0.30413.136
MinimumVisualStudioVersion = 10.0.40219.1
Project("{FAE04EC0-301F-11D3-BF4B-00C04F79EFBC}") = "EvidenciaTres", "EvidenciaTres.csproj", "{44DF6D81-30F7-43AF-9D90-F6A50B3D3FBF}"
EndProject
Global
	GlobalSection(SolutionConfigurationPlatforms) = preSolution
		Debug|Any CPU = Debug|Any CPU
		Release|Any CPU = Release|Any CPU
	EndGlobalSection
	GlobalSection(ProjectConfigurationPlatforms) = postSolution
		{44DF6D81-30F7-43AF-9D90-F6A50B3D3FBF}.Debug|Any CPU.ActiveCfg = Debug|Any CPU
		{44DF6D81-30F7-43AF-9D90-F6A50B3D3FBF}.Debug|Any CPU.Build.0 = Debug|Any CPU
		{44DF6D81-30F7-43AF-9D90-F6A50B3D3FBF}.Release|Any CPU.ActiveCfg = Release|Any CPU
		{44DF6D81-30F7-43AF-9D90-F6A50B3D3FBF}.Release|Any CPU.Build.0 = Release|Any CPU
	EndGlobalSection
	GlobalSection(SolutionProperties) = preSolution
		HideSolutionNode = FALSE
	EndGlobalSection
	GlobalSection(ExtensibilityGlobals) = postSolution
		SolutionGuid = {9613612A-8B68-4B79-B742-D3C3EDA584B1}
	EndGlobalSection
EndGlobal
